<?xml version="1.0" encoding="utf-8"?>
<Project ToolsVersion="4.0" xmlns="http://schemas.microsoft.com/developer/msbuild/2003">
  <ItemGroup>
    <Filter Include="Source Files">
      <UniqueIdentifier>{4FC737F1-C7A5-4376-A066-2A32D752A2FF}</UniqueIdentifier>
      <Extensions>cpp;c;cc;cxx;c++;cppm;ixx;def;odl;idl;hpj;bat;asm;asmx</Extensions>
    </Filter>
    <Filter Include="Header Files">
      <UniqueIdentifier>{93995380-89BD-4b04-88EB-625FBE52EBFB}</UniqueIdentifier>
      <Extensions>h;hh;hpp;hxx;h++;hm;inl;inc;ipp;xsd</Extensions>
    </Filter>
    <Filter Include="Resource Files">
      <UniqueIdentifier>{67DA6AB6-F800-4c08-8B7A-83BB121AAD01}</UniqueIdentifier>
      <Extensions>rc;ico;cur;bmp;dlg;rc2;rct;bin;rgs;gif;jpg;jpeg;jpe;resx;tiff;tif;png;wav;mfcribbon-ms</Extensions>
    </Filter>
    <Filter Include="Source Files\GraphicObjects">
      <UniqueIdentifier>{4ff953a8-a971-4551-aca7-52245882c5d8}</UniqueIdentifier>
    </Filter>
    <Filter Include="Source Files\Libraries">
      <UniqueIdentifier>{2a9fc016-d72a-4922-a45d-beb84a12a062}</UniqueIdentifier>
    </Filter>
    <Filter Include="Source Files\Utility">
      <UniqueIdentifier>{e88c378b-4563-49ab-a369-7e3ff2c3e6df}</UniqueIdentifier>
    </Filter>
    <Filter Include="Header Files\Core">
      <UniqueIdentifier>{f770c467-6f0b-49f5-b4fc-655cf8dba7af}</UniqueIdentifier>
    </Filter>
    <Filter Include="Header Files\Core\Graphics">
      <UniqueIdentifier>{46af5cdd-ae3c-4d78-ac61-62cc3fa63a5e}</UniqueIdentifier>
    </Filter>
    <Filter Include="Header Files\Core\IO">
      <UniqueIdentifier>{b28baa2a-c540-4328-b5ba-08cf11c7fb70}</UniqueIdentifier>
    </Filter>
    <Filter Include="Header Files\Core\View">
      <UniqueIdentifier>{783b5415-97ac-4ee9-b76a-885e7a1c2465}</UniqueIdentifier>
    </Filter>
    <Filter Include="Header Files\Core\View\Scenes">
      <UniqueIdentifier>{0795459f-af33-4b68-9314-65bbac8e2429}</UniqueIdentifier>
    </Filter>
  </ItemGroup>
  <ItemGroup>
    <ClInclude Include="default.frag">
      <Filter>Resource Files</Filter>
    </ClInclude>
    <ClInclude Include="src\Core\Vertex.h">
      <Filter>Source Files\GraphicObjects</Filter>
    </ClInclude>
    <ClInclude Include="src\Core\Camera.h">
      <Filter>Header Files\Core\Graphics</Filter>
    </ClInclude>
    <ClInclude Include="src\Core\EBO.h">
      <Filter>Header Files\Core\Graphics</Filter>
    </ClInclude>
    <ClInclude Include="src\Core\Mesh.h">
      <Filter>Header Files\Core\Graphics</Filter>
    </ClInclude>
    <ClInclude Include="src\Core\Model.h">
      <Filter>Header Files\Core\Graphics</Filter>
    </ClInclude>
    <ClInclude Include="src\Core\Texture.h">
      <Filter>Header Files\Core\Graphics</Filter>
    </ClInclude>
    <ClInclude Include="src\Core\VAO.h">
      <Filter>Header Files\Core\Graphics</Filter>
    </ClInclude>
    <ClInclude Include="src\Core\VBO.h">
      <Filter>Header Files\Core\Graphics</Filter>
    </ClInclude>
    <ClInclude Include="src\Metro\RayScene.h">
      <Filter>Header Files\Core\View\Scenes</Filter>
    </ClInclude>
    <ClInclude Include="src\Metro\Scene.h">
      <Filter>Header Files\Core\View\Scenes</Filter>
    </ClInclude>
    <ClInclude Include="src\Metro\BVHStructures.h">
      <Filter>Header Files\Core</Filter>
    </ClInclude>
    <ClInclude Include="src\Metro\ComputeStructures.h">
      <Filter>Header Files\Core</Filter>
    </ClInclude>
    <ClInclude Include="src\Core\Text.h">
      <Filter>Header Files\Core\IO</Filter>
    </ClInclude>
    <ClInclude Include="src\Core\Shader.h">
      <Filter>Header Files\Core\IO</Filter>
    </ClInclude>
    <ClInclude Include="src\Window.h">
      <Filter>Header Files\Core\View</Filter>
    </ClInclude>
  </ItemGroup>
  <ItemGroup>
    <Image Include="cat.jpg">
      <Filter>Resource Files</Filter>
    </Image>
  </ItemGroup>
  <ItemGroup>
    <None Include="default.vert">
      <Filter>Resource Files</Filter>
    </None>
    <None Include="compute.comp">
      <Filter>Resource Files</Filter>
    </None>
    <None Include="text_vertex.vert">
      <Filter>Resource Files</Filter>
    </None>
    <None Include="text_fragment.frag">
      <Filter>Resource Files</Filter>
    </None>
    <None Include="accumulation.comp">
      <Filter>Resource Files</Filter>
    </None>
    <None Include="shaders\buffers.comp">
      <Filter>Resource Files</Filter>
    </None>
    <None Include="shaders\default.frag">
      <Filter>Resource Files</Filter>
    </None>
    <None Include="shaders\compute.comp">
      <Filter>Resource Files</Filter>
    </None>
  </ItemGroup>
  <ItemGroup>
    <ClCompile Include="src\Main.cpp">
      <Filter>Source Files</Filter>
    </ClCompile>
    <ClCompile Include="src\Window.cpp">
      <Filter>Source Files</Filter>
    </ClCompile>
    <ClCompile Include="src\Core\Camera.cpp">
      <Filter>Source Files\GraphicObjects</Filter>
    </ClCompile>
    <ClCompile Include="src\Core\EBO.cpp">
      <Filter>Source Files\GraphicObjects</Filter>
    </ClCompile>
    <ClCompile Include="src\Core\Mesh.cpp">
      <Filter>Source Files\GraphicObjects</Filter>
    </ClCompile>
    <ClCompile Include="src\Core\Model.cpp">
      <Filter>Source Files\GraphicObjects</Filter>
    </ClCompile>
    <ClCompile Include="src\Core\Shader.cpp">
      <Filter>Source Files\GraphicObjects</Filter>
    </ClCompile>
    <ClCompile Include="src\Core\Text.cpp">
      <Filter>Source Files\GraphicObjects</Filter>
    </ClCompile>
    <ClCompile Include="src\Core\Texture.cpp">
      <Filter>Source Files\GraphicObjects</Filter>
    </ClCompile>
    <ClCompile Include="src\Core\VAO.cpp">
      <Filter>Source Files\GraphicObjects</Filter>
    </ClCompile>
    <ClCompile Include="src\Core\VBO.cpp">
      <Filter>Source Files\GraphicObjects</Filter>
    </ClCompile>
    <ClCompile Include="src\Lib\ASSIMP.cpp">
      <Filter>Source Files\Libraries</Filter>
    </ClCompile>
    <ClCompile Include="src\Lib\stb.cpp">
      <Filter>Source Files\Libraries</Filter>
    </ClCompile>
    <ClCompile Include="src\Metro\ComputeStructures.cpp">
      <Filter>Source Files\Utility</Filter>
    </ClCompile>
    <ClCompile Include="src\Metro\RayScene.cpp">
      <Filter>Source Files</Filter>
    </ClCompile>
    <ClCompile Include="src\Lib\glad.c">
      <Filter>Source Files\Libraries</Filter>
    </ClCompile>
    <ClCompile Include="src\Scene.cpp">
      <Filter>Source Files</Filter>
    </ClCompile>
  </ItemGroup>
</Project>